
Microsoft Visual Studio Solution File, Format Version 12.00
# Visual Studio Version 17
VisualStudioVersion = 17.7.34031.279
MinimumVisualStudioVersion = 10.0.40219.1
Project("{FAE04EC0-301F-11D3-BF4B-00C04F79EFBC}") = "Task 1", "doborBallov\Task 1.csproj", "{125145CA-EB39-40FA-BC67-5CB343AA6CE2}"
EndProject
Project("{FAE04EC0-301F-11D3-BF4B-00C04F79EFBC}") = "Task 2", "Task 2\Task 2.csproj", "{5BECFE1B-2254-4CFE-9370-8E3A313CCD0F}"
EndProject
Project("{FAE04EC0-301F-11D3-BF4B-00C04F79EFBC}") = "Task 3", "Task 3\Task 3.csproj", "{F8056DDF-6BB5-415E-B7E0-74A79A69B6C1}"
EndProject
Project("{FAE04EC0-301F-11D3-BF4B-00C04F79EFBC}") = "Task 4", "Task 4\Task 4.csproj", "{74C6BF8F-2EA6-403D-B594-2632948A259A}"
EndProject
Project("{FAE04EC0-301F-11D3-BF4B-00C04F79EFBC}") = "Task 5", "Task 5\Task 5.csproj", "{DE885461-3558-4E47-864A-DAC17C04CCCE}"
EndProject
Global
	GlobalSection(SolutionConfigurationPlatforms) = preSolution
		Debug|Any CPU = Debug|Any CPU
		Release|Any CPU = Release|Any CPU
	EndGlobalSection
	GlobalSection(ProjectConfigurationPlatforms) = postSolution
		{125145CA-EB39-40FA-BC67-5CB343AA6CE2}.Debug|Any CPU.ActiveCfg = Debug|Any CPU
		{125145CA-EB39-40FA-BC67-5CB343AA6CE2}.Debug|Any CPU.Build.0 = Debug|Any CPU
		{125145CA-EB39-40FA-BC67-5CB343AA6CE2}.Release|Any CPU.ActiveCfg = Release|Any CPU
		{125145CA-EB39-40FA-BC67-5CB343AA6CE2}.Release|Any CPU.Build.0 = Release|Any CPU
		{5BECFE1B-2254-4CFE-9370-8E3A313CCD0F}.Debug|Any CPU.ActiveCfg = Debug|Any CPU
		{5BECFE1B-2254-4CFE-9370-8E3A313CCD0F}.Debug|Any CPU.Build.0 = Debug|Any CPU
		{5BECFE1B-2254-4CFE-9370-8E3A313CCD0F}.Release|Any CPU.ActiveCfg = Release|Any CPU
		{5BECFE1B-2254-4CFE-9370-8E3A313CCD0F}.Release|Any CPU.Build.0 = Release|Any CPU
		{F8056DDF-6BB5-415E-B7E0-74A79A69B6C1}.Debug|Any CPU.ActiveCfg = Debug|Any CPU
		{F8056DDF-6BB5-415E-B7E0-74A79A69B6C1}.Debug|Any CPU.Build.0 = Debug|Any CPU
		{F8056DDF-6BB5-415E-B7E0-74A79A69B6C1}.Release|Any CPU.ActiveCfg = Release|Any CPU
		{F8056DDF-6BB5-415E-B7E0-74A79A69B6C1}.Release|Any CPU.Build.0 = Release|Any CPU
		{74C6BF8F-2EA6-403D-B594-2632948A259A}.Debug|Any CPU.ActiveCfg = Debug|Any CPU
		{74C6BF8F-2EA6-403D-B594-2632948A259A}.Debug|Any CPU.Build.0 = Debug|Any CPU
		{74C6BF8F-2EA6-403D-B594-2632948A259A}.Release|Any CPU.ActiveCfg = Release|Any CPU
		{74C6BF8F-2EA6-403D-B594-2632948A259A}.Release|Any CPU.Build.0 = Release|Any CPU
		{DE885461-3558-4E47-864A-DAC17C04CCCE}.Debug|Any CPU.ActiveCfg = Debug|Any CPU
		{DE885461-3558-4E47-864A-DAC17C04CCCE}.Debug|Any CPU.Build.0 = Debug|Any CPU
		{DE885461-3558-4E47-864A-DAC17C04CCCE}.Release|Any CPU.ActiveCfg = Release|Any CPU
		{DE885461-3558-4E47-864A-DAC17C04CCCE}.Release|Any CPU.Build.0 = Release|Any CPU
	EndGlobalSection
	GlobalSection(SolutionProperties) = preSolution
		HideSolutionNode = FALSE
	EndGlobalSection
	GlobalSection(ExtensibilityGlobals) = postSolution
		SolutionGuid = {45EA986B-9CA2-410C-9AD1-418EEFBE164A}
	EndGlobalSection
EndGlobal
